
Microsoft Visual Studio Solution File, Format Version 12.00
# Visual Studio Version 17
VisualStudioVersion = 17.0.32014.148
MinimumVisualStudioVersion = 10.0.40219.1
Project("{9A19103F-16F7-4668-BE54-9A1E7A4F7556}") = "FolkerKinzel.VCards", "FolkerKinzel.VCards\FolkerKinzel.VCards.csproj", "{5AE8E090-F500-44E0-83A2-811499A2A739}"
EndProject
Project("{2150E333-8FDC-42A3-9474-1A3956D46DE8}") = "Solution Items", "Solution Items", "{9AB21EE1-519D-416F-B363-4D1F3EF54AC8}"
	ProjectSection(SolutionItems) = preProject
		.editorconfig = .editorconfig
		..\.github\ISSUE_TEMPLATE\bug_report.md = ..\.github\ISSUE_TEMPLATE\bug_report.md
		..\.github\ISSUE_TEMPLATE\feature_request.md = ..\.github\ISSUE_TEMPLATE\feature_request.md
		..\README.md = ..\README.md
		WhatsAppIssue.md = WhatsAppIssue.md
	EndProjectSection
EndProject
Project("{9A19103F-16F7-4668-BE54-9A1E7A4F7556}") = "FolkerKinzel.VCards.Tests", "FolkerKinzel.VCards.Tests\FolkerKinzel.VCards.Tests.csproj", "{294438CE-8FD5-463B-8247-BDF6FA86DA55}"
EndProject
Project("{9A19103F-16F7-4668-BE54-9A1E7A4F7556}") = "Examples", "Examples\Examples.csproj", "{DB62F873-82F1-4485-A98F-12989386FBD1}"
EndProject
Project("{7CF6DF6D-3B04-46F8-A40B-537D21BCA0B4}") = "FolkerKinzel.VCards.Reference.en", "FolkerKinzel.VCards.Reference.en\FolkerKinzel.VCards.Reference.en.shfbproj", "{B252F6C1-C558-49D3-AC10-DE990E95660B}"
EndProject
Project("{9A19103F-16F7-4668-BE54-9A1E7A4F7556}") = "Benchmarks", "Benchmarks\Benchmarks.csproj", "{03CA0779-41BB-4F0F-9124-713CB2344F49}"
EndProject
Project("{FAE04EC0-301F-11D3-BF4B-00C04F79EFBC}") = "Namespaces", "Namespaces\Namespaces.csproj", "{A5EF618F-3AAD-4E8C-8F5F-06B143DC402E}"
EndProject
Global
	GlobalSection(SolutionConfigurationPlatforms) = preSolution
		Debug|Any CPU = Debug|Any CPU
		Release|Any CPU = Release|Any CPU
	EndGlobalSection
	GlobalSection(ProjectConfigurationPlatforms) = postSolution
		{5AE8E090-F500-44E0-83A2-811499A2A739}.Debug|Any CPU.ActiveCfg = Debug|Any CPU
		{5AE8E090-F500-44E0-83A2-811499A2A739}.Debug|Any CPU.Build.0 = Debug|Any CPU
		{5AE8E090-F500-44E0-83A2-811499A2A739}.Release|Any CPU.ActiveCfg = Release|Any CPU
		{5AE8E090-F500-44E0-83A2-811499A2A739}.Release|Any CPU.Build.0 = Release|Any CPU
		{294438CE-8FD5-463B-8247-BDF6FA86DA55}.Debug|Any CPU.ActiveCfg = Debug|Any CPU
		{294438CE-8FD5-463B-8247-BDF6FA86DA55}.Debug|Any CPU.Build.0 = Debug|Any CPU
		{294438CE-8FD5-463B-8247-BDF6FA86DA55}.Release|Any CPU.ActiveCfg = Release|Any CPU
		{294438CE-8FD5-463B-8247-BDF6FA86DA55}.Release|Any CPU.Build.0 = Release|Any CPU
		{DB62F873-82F1-4485-A98F-12989386FBD1}.Debug|Any CPU.ActiveCfg = Debug|Any CPU
		{DB62F873-82F1-4485-A98F-12989386FBD1}.Debug|Any CPU.Build.0 = Debug|Any CPU
		{DB62F873-82F1-4485-A98F-12989386FBD1}.Release|Any CPU.ActiveCfg = Release|Any CPU
		{DB62F873-82F1-4485-A98F-12989386FBD1}.Release|Any CPU.Build.0 = Release|Any CPU
		{B252F6C1-C558-49D3-AC10-DE990E95660B}.Debug|Any CPU.ActiveCfg = Debug|Any CPU
		{B252F6C1-C558-49D3-AC10-DE990E95660B}.Release|Any CPU.ActiveCfg = Release|Any CPU
		{03CA0779-41BB-4F0F-9124-713CB2344F49}.Debug|Any CPU.ActiveCfg = Debug|Any CPU
		{03CA0779-41BB-4F0F-9124-713CB2344F49}.Debug|Any CPU.Build.0 = Debug|Any CPU
		{03CA0779-41BB-4F0F-9124-713CB2344F49}.Release|Any CPU.ActiveCfg = Release|Any CPU
		{03CA0779-41BB-4F0F-9124-713CB2344F49}.Release|Any CPU.Build.0 = Release|Any CPU
		{A5EF618F-3AAD-4E8C-8F5F-06B143DC402E}.Debug|Any CPU.ActiveCfg = Debug|Any CPU
		{A5EF618F-3AAD-4E8C-8F5F-06B143DC402E}.Debug|Any CPU.Build.0 = Debug|Any CPU
		{A5EF618F-3AAD-4E8C-8F5F-06B143DC402E}.Release|Any CPU.ActiveCfg = Release|Any CPU
		{A5EF618F-3AAD-4E8C-8F5F-06B143DC402E}.Release|Any CPU.Build.0 = Release|Any CPU
	EndGlobalSection
	GlobalSection(SolutionProperties) = preSolution
		HideSolutionNode = FALSE
	EndGlobalSection
	GlobalSection(ExtensibilityGlobals) = postSolution
		SolutionGuid = {02515E09-C0C1-4C07-B7B5-62AFFC4CDF1E}
	EndGlobalSection
EndGlobal
